
Microsoft Visual Studio Solution File, Format Version 12.00
# Visual Studio Version 16
VisualStudioVersion = 16.0.31005.135
MinimumVisualStudioVersion = 10.0.40219.1
Project("{9A19103F-16F7-4668-BE54-9A1E7A4F7556}") = "FoodOrder.Shared.Models", "Common\FoodOrder.Models\FoodOrder.Shared.Models.csproj", "{25BEDD11-8BC8-4F7D-A434-9AC37D5691DF}"
EndProject
Project("{9A19103F-16F7-4668-BE54-9A1E7A4F7556}") = "FoodOrder.Api", "Order\FoodOrder.Api\FoodOrder.Api.csproj", "{A9178F61-86F1-4DD9-93F7-E0C28931A355}"
EndProject
Project("{9A19103F-16F7-4668-BE54-9A1E7A4F7556}") = "FoodOrder.Business", "Order\FoodOrder.Business\FoodOrder.Business.csproj", "{80709322-CEC9-4D9B-BD76-0CB9CF53516C}"
EndProject
Project("{9A19103F-16F7-4668-BE54-9A1E7A4F7556}") = "FoodOrder.Business.Tests", "Order\FoodOrder.Business.Tests\FoodOrder.Business.Tests.csproj", "{950A6D7A-3CC5-4DCA-982E-D7FC4F4E9B9C}"
EndProject
Project("{9A19103F-16F7-4668-BE54-9A1E7A4F7556}") = "FoodOrder.Data", "Order\FoodOrder.Data\FoodOrder.Data.csproj", "{617E9339-D24F-4FF8-B173-BDD0D4F7B236}"
EndProject
Project("{9A19103F-16F7-4668-BE54-9A1E7A4F7556}") = "FoodOrder.Data.Tests", "Order\FoodOrder.Data.Tests\FoodOrder.Data.Tests.csproj", "{58C25B94-964A-4303-A2BE-BE10B815242D}"
EndProject
Project("{9A19103F-16F7-4668-BE54-9A1E7A4F7556}") = "FoodOrder.Domain", "Order\FoodOrder.Domain\FoodOrder.Domain.csproj", "{21829393-FDF7-4925-8BEF-36A9FD77649E}"
EndProject
Project("{9A19103F-16F7-4668-BE54-9A1E7A4F7556}") = "FoodOrder.Domain.Tests", "Order\FoodOrder.Domain.Tests\FoodOrder.Domain.Tests.csproj", "{C1F3D0E8-5D65-4907-89BD-83A58E6FDCC3}"
EndProject
Project("{E53339B2-1760-4266-BCC7-CA923CBCF16C}") = "docker-compose", "docker-compose.dcproj", "{A2EDBE10-3983-4A88-A789-41556A58CED4}"
EndProject
Project("{2150E333-8FDC-42A3-9474-1A3956D46DE8}") = "Solution Items", "Solution Items", "{A5EBACB2-E2CF-44DD-A6F9-F5DEA484E04D}"
	ProjectSection(SolutionItems) = preProject
		.editorconfig = .editorconfig
	EndProjectSection
EndProject
Project("{FAE04EC0-301F-11D3-BF4B-00C04F79EFBC}") = "FoodOrder.Payment.Api", "PaymentService\FoodOrder.Payment.Api\FoodOrder.Payment.Api.csproj", "{BB740002-89CA-45EC-9ABD-E85614B1B248}"
EndProject
Project("{FAE04EC0-301F-11D3-BF4B-00C04F79EFBC}") = "FoodOrder.Delivery.Api", "DeliverySerive\FoodOrder.Delivery.Api\FoodOrder.Delivery.Api.csproj", "{A5A9D51D-8FF6-4CE8-ACD4-72607EC91CA0}"
EndProject
Project("{FAE04EC0-301F-11D3-BF4B-00C04F79EFBC}") = "FoodOrder.Restaurant.Api", "Restaurant\FoodOrder.Restaurant.Api\FoodOrder.Restaurant.Api.csproj", "{2731DFFA-8742-43AB-BDE8-DFF188F4E398}"
EndProject
Project("{2150E333-8FDC-42A3-9474-1A3956D46DE8}") = "Order", "Order", "{443C6802-09F6-467E-80FD-625FA1F3E159}"
EndProject
Project("{2150E333-8FDC-42A3-9474-1A3956D46DE8}") = "Shared", "Shared", "{F8B3CB21-CAC9-4164-A7CC-A1ACE95DB8C4}"
EndProject
Project("{2150E333-8FDC-42A3-9474-1A3956D46DE8}") = "Payment", "Payment", "{1938C3DC-0685-4E3E-8E0F-752E31D42D18}"
EndProject
Project("{2150E333-8FDC-42A3-9474-1A3956D46DE8}") = "Restaurant", "Restaurant", "{72227747-E137-4C38-BE82-8704348C3A07}"
EndProject
Project("{2150E333-8FDC-42A3-9474-1A3956D46DE8}") = "Delivery", "Delivery", "{D3D52E42-4874-40AD-B8E3-A1363E53E6E1}"
EndProject
Project("{FAE04EC0-301F-11D3-BF4B-00C04F79EFBC}") = "EventBus", "EventBus\EventBus.csproj", "{DC15EC91-D307-4FD9-8FFF-E71999C01520}"
EndProject
Global
	GlobalSection(SolutionConfigurationPlatforms) = preSolution
		Debug|Any CPU = Debug|Any CPU
		Release|Any CPU = Release|Any CPU
	EndGlobalSection
	GlobalSection(ProjectConfigurationPlatforms) = postSolution
		{25BEDD11-8BC8-4F7D-A434-9AC37D5691DF}.Debug|Any CPU.ActiveCfg = Debug|Any CPU
		{25BEDD11-8BC8-4F7D-A434-9AC37D5691DF}.Debug|Any CPU.Build.0 = Debug|Any CPU
		{25BEDD11-8BC8-4F7D-A434-9AC37D5691DF}.Release|Any CPU.ActiveCfg = Release|Any CPU
		{25BEDD11-8BC8-4F7D-A434-9AC37D5691DF}.Release|Any CPU.Build.0 = Release|Any CPU
		{A9178F61-86F1-4DD9-93F7-E0C28931A355}.Debug|Any CPU.ActiveCfg = Debug|Any CPU
		{A9178F61-86F1-4DD9-93F7-E0C28931A355}.Debug|Any CPU.Build.0 = Debug|Any CPU
		{A9178F61-86F1-4DD9-93F7-E0C28931A355}.Release|Any CPU.ActiveCfg = Release|Any CPU
		{A9178F61-86F1-4DD9-93F7-E0C28931A355}.Release|Any CPU.Build.0 = Release|Any CPU
		{80709322-CEC9-4D9B-BD76-0CB9CF53516C}.Debug|Any CPU.ActiveCfg = Debug|Any CPU
		{80709322-CEC9-4D9B-BD76-0CB9CF53516C}.Debug|Any CPU.Build.0 = Debug|Any CPU
		{80709322-CEC9-4D9B-BD76-0CB9CF53516C}.Release|Any CPU.ActiveCfg = Release|Any CPU
		{80709322-CEC9-4D9B-BD76-0CB9CF53516C}.Release|Any CPU.Build.0 = Release|Any CPU
		{950A6D7A-3CC5-4DCA-982E-D7FC4F4E9B9C}.Debug|Any CPU.ActiveCfg = Debug|Any CPU
		{950A6D7A-3CC5-4DCA-982E-D7FC4F4E9B9C}.Debug|Any CPU.Build.0 = Debug|Any CPU
		{950A6D7A-3CC5-4DCA-982E-D7FC4F4E9B9C}.Release|Any CPU.ActiveCfg = Release|Any CPU
		{950A6D7A-3CC5-4DCA-982E-D7FC4F4E9B9C}.Release|Any CPU.Build.0 = Release|Any CPU
		{617E9339-D24F-4FF8-B173-BDD0D4F7B236}.Debug|Any CPU.ActiveCfg = Debug|Any CPU
		{617E9339-D24F-4FF8-B173-BDD0D4F7B236}.Debug|Any CPU.Build.0 = Debug|Any CPU
		{617E9339-D24F-4FF8-B173-BDD0D4F7B236}.Release|Any CPU.ActiveCfg = Release|Any CPU
		{617E9339-D24F-4FF8-B173-BDD0D4F7B236}.Release|Any CPU.Build.0 = Release|Any CPU
		{58C25B94-964A-4303-A2BE-BE10B815242D}.Debug|Any CPU.ActiveCfg = Debug|Any CPU
		{58C25B94-964A-4303-A2BE-BE10B815242D}.Debug|Any CPU.Build.0 = Debug|Any CPU
		{58C25B94-964A-4303-A2BE-BE10B815242D}.Release|Any CPU.ActiveCfg = Release|Any CPU
		{58C25B94-964A-4303-A2BE-BE10B815242D}.Release|Any CPU.Build.0 = Release|Any CPU
		{21829393-FDF7-4925-8BEF-36A9FD77649E}.Debug|Any CPU.ActiveCfg = Debug|Any CPU
		{21829393-FDF7-4925-8BEF-36A9FD77649E}.Debug|Any CPU.Build.0 = Debug|Any CPU
		{21829393-FDF7-4925-8BEF-36A9FD77649E}.Release|Any CPU.ActiveCfg = Release|Any CPU
		{21829393-FDF7-4925-8BEF-36A9FD77649E}.Release|Any CPU.Build.0 = Release|Any CPU
		{C1F3D0E8-5D65-4907-89BD-83A58E6FDCC3}.Debug|Any CPU.ActiveCfg = Debug|Any CPU
		{C1F3D0E8-5D65-4907-89BD-83A58E6FDCC3}.Debug|Any CPU.Build.0 = Debug|Any CPU
		{C1F3D0E8-5D65-4907-89BD-83A58E6FDCC3}.Release|Any CPU.ActiveCfg = Release|Any CPU
		{C1F3D0E8-5D65-4907-89BD-83A58E6FDCC3}.Release|Any CPU.Build.0 = Release|Any CPU
		{A2EDBE10-3983-4A88-A789-41556A58CED4}.Debug|Any CPU.ActiveCfg = Debug|Any CPU
		{A2EDBE10-3983-4A88-A789-41556A58CED4}.Debug|Any CPU.Build.0 = Debug|Any CPU
		{A2EDBE10-3983-4A88-A789-41556A58CED4}.Release|Any CPU.ActiveCfg = Release|Any CPU
		{A2EDBE10-3983-4A88-A789-41556A58CED4}.Release|Any CPU.Build.0 = Release|Any CPU
		{BB740002-89CA-45EC-9ABD-E85614B1B248}.Debug|Any CPU.ActiveCfg = Debug|Any CPU
		{BB740002-89CA-45EC-9ABD-E85614B1B248}.Debug|Any CPU.Build.0 = Debug|Any CPU
		{BB740002-89CA-45EC-9ABD-E85614B1B248}.Release|Any CPU.ActiveCfg = Release|Any CPU
		{BB740002-89CA-45EC-9ABD-E85614B1B248}.Release|Any CPU.Build.0 = Release|Any CPU
		{A5A9D51D-8FF6-4CE8-ACD4-72607EC91CA0}.Debug|Any CPU.ActiveCfg = Debug|Any CPU
		{A5A9D51D-8FF6-4CE8-ACD4-72607EC91CA0}.Debug|Any CPU.Build.0 = Debug|Any CPU
		{A5A9D51D-8FF6-4CE8-ACD4-72607EC91CA0}.Release|Any CPU.ActiveCfg = Release|Any CPU
		{A5A9D51D-8FF6-4CE8-ACD4-72607EC91CA0}.Release|Any CPU.Build.0 = Release|Any CPU
		{2731DFFA-8742-43AB-BDE8-DFF188F4E398}.Debug|Any CPU.ActiveCfg = Debug|Any CPU
		{2731DFFA-8742-43AB-BDE8-DFF188F4E398}.Debug|Any CPU.Build.0 = Debug|Any CPU
		{2731DFFA-8742-43AB-BDE8-DFF188F4E398}.Release|Any CPU.ActiveCfg = Release|Any CPU
		{2731DFFA-8742-43AB-BDE8-DFF188F4E398}.Release|Any CPU.Build.0 = Release|Any CPU
		{DC15EC91-D307-4FD9-8FFF-E71999C01520}.Debug|Any CPU.ActiveCfg = Debug|Any CPU
		{DC15EC91-D307-4FD9-8FFF-E71999C01520}.Debug|Any CPU.Build.0 = Debug|Any CPU
		{DC15EC91-D307-4FD9-8FFF-E71999C01520}.Release|Any CPU.ActiveCfg = Release|Any CPU
		{DC15EC91-D307-4FD9-8FFF-E71999C01520}.Release|Any CPU.Build.0 = Release|Any CPU
	EndGlobalSection
	GlobalSection(SolutionProperties) = preSolution
		HideSolutionNode = FALSE
	EndGlobalSection
	GlobalSection(NestedProjects) = preSolution
		{25BEDD11-8BC8-4F7D-A434-9AC37D5691DF} = {F8B3CB21-CAC9-4164-A7CC-A1ACE95DB8C4}
		{A9178F61-86F1-4DD9-93F7-E0C28931A355} = {443C6802-09F6-467E-80FD-625FA1F3E159}
		{80709322-CEC9-4D9B-BD76-0CB9CF53516C} = {443C6802-09F6-467E-80FD-625FA1F3E159}
		{950A6D7A-3CC5-4DCA-982E-D7FC4F4E9B9C} = {443C6802-09F6-467E-80FD-625FA1F3E159}
		{617E9339-D24F-4FF8-B173-BDD0D4F7B236} = {443C6802-09F6-467E-80FD-625FA1F3E159}
		{58C25B94-964A-4303-A2BE-BE10B815242D} = {443C6802-09F6-467E-80FD-625FA1F3E159}
		{21829393-FDF7-4925-8BEF-36A9FD77649E} = {443C6802-09F6-467E-80FD-625FA1F3E159}
		{C1F3D0E8-5D65-4907-89BD-83A58E6FDCC3} = {443C6802-09F6-467E-80FD-625FA1F3E159}
		{BB740002-89CA-45EC-9ABD-E85614B1B248} = {1938C3DC-0685-4E3E-8E0F-752E31D42D18}
		{A5A9D51D-8FF6-4CE8-ACD4-72607EC91CA0} = {D3D52E42-4874-40AD-B8E3-A1363E53E6E1}
		{2731DFFA-8742-43AB-BDE8-DFF188F4E398} = {72227747-E137-4C38-BE82-8704348C3A07}
		{DC15EC91-D307-4FD9-8FFF-E71999C01520} = {F8B3CB21-CAC9-4164-A7CC-A1ACE95DB8C4}
	EndGlobalSection
	GlobalSection(ExtensibilityGlobals) = postSolution
		SolutionGuid = {731B5C28-FAC2-4B9B-9425-78138B808930}
	EndGlobalSection
EndGlobal
