
Microsoft Visual Studio Solution File, Format Version 12.00
# Visual Studio Version 16
VisualStudioVersion = 16.0.31005.135
MinimumVisualStudioVersion = 10.0.40219.1
Project("{FAE04EC0-301F-11D3-BF4B-00C04F79EFBC}") = "FoodOrder.Api", "FoodOrder.Api\FoodOrder.Api.csproj", "{6FF49C9B-2F0C-4A95-A6C0-9766C77A560F}"
EndProject
Project("{FAE04EC0-301F-11D3-BF4B-00C04F79EFBC}") = "FoodOrder.Data", "..\FoodOrder.Data\FoodOrder.Data.csproj", "{CCF31AE7-0365-475C-93E3-D9B6AF398300}"
EndProject
Project("{9A19103F-16F7-4668-BE54-9A1E7A4F7556}") = "FoodOrder.Domain", "..\FoodOrder.Domain\FoodOrder.Domain.csproj", "{5C988F47-9BE6-48D7-BAE7-E16C766FE4C7}"
EndProject
Project("{FAE04EC0-301F-11D3-BF4B-00C04F79EFBC}") = "FoodOrder.Business", "..\FoodOrder.Business\FoodOrder.Business.csproj", "{F0C72804-36FE-4174-8E57-584411C66813}"
EndProject
Project("{2150E333-8FDC-42A3-9474-1A3956D46DE8}") = "Order", "Order", "{D85D1195-272E-45C2-998A-3E6939FBBAB2}"
EndProject
Project("{2150E333-8FDC-42A3-9474-1A3956D46DE8}") = "PaymentService", "PaymentService", "{CE557D82-2200-43EE-AFDE-E6B701FCD01D}"
EndProject
Project("{2150E333-8FDC-42A3-9474-1A3956D46DE8}") = "DeliveryService", "DeliveryService", "{D23A490E-3825-4062-A07A-9DBA2BB7FC61}"
EndProject
Project("{2150E333-8FDC-42A3-9474-1A3956D46DE8}") = "Solution Items", "Solution Items", "{A21FA9FA-5019-4998-9FBC-57DF6901AB9B}"
	ProjectSection(SolutionItems) = preProject
		.editorconfig = .editorconfig
	EndProjectSection
EndProject
Project("{FAE04EC0-301F-11D3-BF4B-00C04F79EFBC}") = "FoodOrder.Business.Tests", "..\FoodOrder.Business.Tests\FoodOrder.Business.Tests.csproj", "{CDFB391A-95F3-4D39-95CD-D3D2584B17D5}"
EndProject
Project("{FAE04EC0-301F-11D3-BF4B-00C04F79EFBC}") = "FoodOrder.Data.Tests", "FoodOrder.Data.Tests\FoodOrder.Data.Tests.csproj", "{83162AE3-9592-4600-B1D6-26EFD56B142A}"
EndProject
Project("{FAE04EC0-301F-11D3-BF4B-00C04F79EFBC}") = "FoodOrder.Domain.Tests", "FoodOrder.Domain.Tests\FoodOrder.Domain.Tests.csproj", "{FDBF8C04-F988-47FF-BFEC-A710511ED5FC}"
EndProject
Project("{E53339B2-1760-4266-BCC7-CA923CBCF16C}") = "docker-compose", "docker-compose.dcproj", "{9DF7C148-CEE8-4654-BA82-00A803F0185D}"
EndProject
Global
	GlobalSection(SolutionConfigurationPlatforms) = preSolution
		Debug|Any CPU = Debug|Any CPU
		Release|Any CPU = Release|Any CPU
	EndGlobalSection
	GlobalSection(ProjectConfigurationPlatforms) = postSolution
		{6FF49C9B-2F0C-4A95-A6C0-9766C77A560F}.Debug|Any CPU.ActiveCfg = Debug|Any CPU
		{6FF49C9B-2F0C-4A95-A6C0-9766C77A560F}.Debug|Any CPU.Build.0 = Debug|Any CPU
		{6FF49C9B-2F0C-4A95-A6C0-9766C77A560F}.Release|Any CPU.ActiveCfg = Release|Any CPU
		{6FF49C9B-2F0C-4A95-A6C0-9766C77A560F}.Release|Any CPU.Build.0 = Release|Any CPU
		{CCF31AE7-0365-475C-93E3-D9B6AF398300}.Debug|Any CPU.ActiveCfg = Debug|Any CPU
		{CCF31AE7-0365-475C-93E3-D9B6AF398300}.Debug|Any CPU.Build.0 = Debug|Any CPU
		{CCF31AE7-0365-475C-93E3-D9B6AF398300}.Release|Any CPU.ActiveCfg = Release|Any CPU
		{CCF31AE7-0365-475C-93E3-D9B6AF398300}.Release|Any CPU.Build.0 = Release|Any CPU
		{5C988F47-9BE6-48D7-BAE7-E16C766FE4C7}.Debug|Any CPU.ActiveCfg = Debug|Any CPU
		{5C988F47-9BE6-48D7-BAE7-E16C766FE4C7}.Debug|Any CPU.Build.0 = Debug|Any CPU
		{5C988F47-9BE6-48D7-BAE7-E16C766FE4C7}.Release|Any CPU.ActiveCfg = Release|Any CPU
		{5C988F47-9BE6-48D7-BAE7-E16C766FE4C7}.Release|Any CPU.Build.0 = Release|Any CPU
		{F0C72804-36FE-4174-8E57-584411C66813}.Debug|Any CPU.ActiveCfg = Debug|Any CPU
		{F0C72804-36FE-4174-8E57-584411C66813}.Debug|Any CPU.Build.0 = Debug|Any CPU
		{F0C72804-36FE-4174-8E57-584411C66813}.Release|Any CPU.ActiveCfg = Release|Any CPU
		{F0C72804-36FE-4174-8E57-584411C66813}.Release|Any CPU.Build.0 = Release|Any CPU
		{CDFB391A-95F3-4D39-95CD-D3D2584B17D5}.Debug|Any CPU.ActiveCfg = Debug|Any CPU
		{CDFB391A-95F3-4D39-95CD-D3D2584B17D5}.Debug|Any CPU.Build.0 = Debug|Any CPU
		{CDFB391A-95F3-4D39-95CD-D3D2584B17D5}.Release|Any CPU.ActiveCfg = Release|Any CPU
		{CDFB391A-95F3-4D39-95CD-D3D2584B17D5}.Release|Any CPU.Build.0 = Release|Any CPU
		{83162AE3-9592-4600-B1D6-26EFD56B142A}.Debug|Any CPU.ActiveCfg = Debug|Any CPU
		{83162AE3-9592-4600-B1D6-26EFD56B142A}.Debug|Any CPU.Build.0 = Debug|Any CPU
		{83162AE3-9592-4600-B1D6-26EFD56B142A}.Release|Any CPU.ActiveCfg = Release|Any CPU
		{83162AE3-9592-4600-B1D6-26EFD56B142A}.Release|Any CPU.Build.0 = Release|Any CPU
		{FDBF8C04-F988-47FF-BFEC-A710511ED5FC}.Debug|Any CPU.ActiveCfg = Debug|Any CPU
		{FDBF8C04-F988-47FF-BFEC-A710511ED5FC}.Debug|Any CPU.Build.0 = Debug|Any CPU
		{FDBF8C04-F988-47FF-BFEC-A710511ED5FC}.Release|Any CPU.ActiveCfg = Release|Any CPU
		{FDBF8C04-F988-47FF-BFEC-A710511ED5FC}.Release|Any CPU.Build.0 = Release|Any CPU
		{9DF7C148-CEE8-4654-BA82-00A803F0185D}.Debug|Any CPU.ActiveCfg = Debug|Any CPU
		{9DF7C148-CEE8-4654-BA82-00A803F0185D}.Debug|Any CPU.Build.0 = Debug|Any CPU
		{9DF7C148-CEE8-4654-BA82-00A803F0185D}.Release|Any CPU.ActiveCfg = Release|Any CPU
		{9DF7C148-CEE8-4654-BA82-00A803F0185D}.Release|Any CPU.Build.0 = Release|Any CPU
	EndGlobalSection
	GlobalSection(SolutionProperties) = preSolution
		HideSolutionNode = FALSE
	EndGlobalSection
	GlobalSection(NestedProjects) = preSolution
		{6FF49C9B-2F0C-4A95-A6C0-9766C77A560F} = {D85D1195-272E-45C2-998A-3E6939FBBAB2}
		{CCF31AE7-0365-475C-93E3-D9B6AF398300} = {D85D1195-272E-45C2-998A-3E6939FBBAB2}
		{5C988F47-9BE6-48D7-BAE7-E16C766FE4C7} = {D85D1195-272E-45C2-998A-3E6939FBBAB2}
		{F0C72804-36FE-4174-8E57-584411C66813} = {D85D1195-272E-45C2-998A-3E6939FBBAB2}
		{CDFB391A-95F3-4D39-95CD-D3D2584B17D5} = {D85D1195-272E-45C2-998A-3E6939FBBAB2}
		{83162AE3-9592-4600-B1D6-26EFD56B142A} = {D85D1195-272E-45C2-998A-3E6939FBBAB2}
		{FDBF8C04-F988-47FF-BFEC-A710511ED5FC} = {D85D1195-272E-45C2-998A-3E6939FBBAB2}
	EndGlobalSection
	GlobalSection(ExtensibilityGlobals) = postSolution
		SolutionGuid = {E992781D-39E7-44E0-AB37-C1B98D7754B7}
	EndGlobalSection
EndGlobal
